
Microsoft Visual Studio Solution File, Format Version 12.00
# Visual Studio Version 16
VisualStudioVersion = 16.0.30907.101
MinimumVisualStudioVersion = 10.0.40219.1
Project("{9A19103F-16F7-4668-BE54-9A1E7A4F7556}") = "CursoMVC", "CursoMVC\CursoMVC.csproj", "{66FBF9A6-FAC1-4113-9604-0A2AB69FF117}"
EndProject
Project("{FAE04EC0-301F-11D3-BF4B-00C04F79EFBC}") = "CursoAPI", "CursoAPI\CursoAPI.csproj", "{5ED532AF-C0F1-450A-96C7-9A2A535F9597}"
EndProject
Global
	GlobalSection(SolutionConfigurationPlatforms) = preSolution
		Debug|Any CPU = Debug|Any CPU
		Release|Any CPU = Release|Any CPU
	EndGlobalSection
	GlobalSection(ProjectConfigurationPlatforms) = postSolution
		{66FBF9A6-FAC1-4113-9604-0A2AB69FF117}.Debug|Any CPU.ActiveCfg = Debug|Any CPU
		{66FBF9A6-FAC1-4113-9604-0A2AB69FF117}.Debug|Any CPU.Build.0 = Debug|Any CPU
		{66FBF9A6-FAC1-4113-9604-0A2AB69FF117}.Release|Any CPU.ActiveCfg = Release|Any CPU
		{66FBF9A6-FAC1-4113-9604-0A2AB69FF117}.Release|Any CPU.Build.0 = Release|Any CPU
		{5ED532AF-C0F1-450A-96C7-9A2A535F9597}.Debug|Any CPU.ActiveCfg = Debug|Any CPU
		{5ED532AF-C0F1-450A-96C7-9A2A535F9597}.Debug|Any CPU.Build.0 = Debug|Any CPU
		{5ED532AF-C0F1-450A-96C7-9A2A535F9597}.Release|Any CPU.ActiveCfg = Release|Any CPU
		{5ED532AF-C0F1-450A-96C7-9A2A535F9597}.Release|Any CPU.Build.0 = Release|Any CPU
	EndGlobalSection
	GlobalSection(SolutionProperties) = preSolution
		HideSolutionNode = FALSE
	EndGlobalSection
	GlobalSection(ExtensibilityGlobals) = postSolution
		SolutionGuid = {F32D30E7-62A2-4A69-8050-7A38AEB80BFE}
	EndGlobalSection
EndGlobal
